{
   "name": "code",
   "lockfileVersion": 2,
   "requires": true,
   "packages": {
      "": {
         "dependencies": {
            "typescript": "4.5.0-dev.20210910"
         }
      },
      "node_modules/typescript": {
         "version": "4.5.0-dev.20210910",
         "resolved": "https://registry.npmjs.org/typescript/-/typescript-4.5.0-dev.20210910.tgz",
         "integrity": "sha512-flWZIqtSwr08r/SMmXfed+2Beou4LWbKemMNoVIhXgWuU6wI+G9A+EWtV/f6XVhkRfJE5RERa4JHpIy8h47fgg==",
         "bin": {
            "tsc": "bin/tsc",
            "tsserver": "bin/tsserver"
         },
         "engines": {
            "node": ">=4.2.0"
         }
      }
   },
   "dependencies": {
      "typescript": {
         "version": "4.5.0-dev.20210910",
         "resolved": "https://registry.npmjs.org/typescript/-/typescript-4.5.0-dev.20210910.tgz",
         "integrity": "sha512-flWZIqtSwr08r/SMmXfed+2Beou4LWbKemMNoVIhXgWuU6wI+G9A+EWtV/f6XVhkRfJE5RERa4JHpIy8h47fgg=="
      }
   }
}
